
Microsoft Visual Studio Solution File, Format Version 11.00
# Visual Studio 2010
Project("{FAE04EC0-301F-11D3-BF4B-00C04F79EFBC}") = "Test__2_20_15", "Test__2_20_15\Test__2_20_15\Test__2_20_15.csproj", "{43EFD630-FB67-40BB-A428-7F3B81F8A349}"
EndProject
Project("{96E2B04D-8817-42C6-938A-82C39BA4D311}") = "Test__2_20_15Content", "Test__2_20_15\Test__2_20_15Content\Test__2_20_15Content.contentproj", "{1756E83A-516D-468B-9D9E-F81A5246F8B4}"
EndProject
Global
	GlobalSection(SolutionConfigurationPlatforms) = preSolution
		Debug|x86 = Debug|x86
		Release|x86 = Release|x86
	EndGlobalSection
	GlobalSection(ProjectConfigurationPlatforms) = postSolution
		{43EFD630-FB67-40BB-A428-7F3B81F8A349}.Debug|x86.ActiveCfg = Debug|x86
		{43EFD630-FB67-40BB-A428-7F3B81F8A349}.Debug|x86.Build.0 = Debug|x86
		{43EFD630-FB67-40BB-A428-7F3B81F8A349}.Release|x86.ActiveCfg = Release|x86
		{43EFD630-FB67-40BB-A428-7F3B81F8A349}.Release|x86.Build.0 = Release|x86
		{1756E83A-516D-468B-9D9E-F81A5246F8B4}.Debug|x86.ActiveCfg = Debug|x86
		{1756E83A-516D-468B-9D9E-F81A5246F8B4}.Release|x86.ActiveCfg = Release|x86
	EndGlobalSection
	GlobalSection(SolutionProperties) = preSolution
		HideSolutionNode = FALSE
	EndGlobalSection
EndGlobal
