
Microsoft Visual Studio Solution File, Format Version 11.00
# Visual Studio 2010
Project("{FAE04EC0-301F-11D3-BF4B-00C04F79EFBC}") = "ShootingTest", "ShootingTest\ShootingTest\ShootingTest.csproj", "{1EFBA911-2151-49CB-85A9-C420BEAE18DD}"
EndProject
Project("{96E2B04D-8817-42C6-938A-82C39BA4D311}") = "ShootingTestContent", "ShootingTest\ShootingTestContent\ShootingTestContent.contentproj", "{9E582DCF-4D3A-486C-807E-D061EBB98D23}"
EndProject
Global
	GlobalSection(SolutionConfigurationPlatforms) = preSolution
		Debug|x86 = Debug|x86
		Release|x86 = Release|x86
	EndGlobalSection
	GlobalSection(ProjectConfigurationPlatforms) = postSolution
		{1EFBA911-2151-49CB-85A9-C420BEAE18DD}.Debug|x86.ActiveCfg = Debug|x86
		{1EFBA911-2151-49CB-85A9-C420BEAE18DD}.Debug|x86.Build.0 = Debug|x86
		{1EFBA911-2151-49CB-85A9-C420BEAE18DD}.Release|x86.ActiveCfg = Release|x86
		{1EFBA911-2151-49CB-85A9-C420BEAE18DD}.Release|x86.Build.0 = Release|x86
		{9E582DCF-4D3A-486C-807E-D061EBB98D23}.Debug|x86.ActiveCfg = Debug|x86
		{9E582DCF-4D3A-486C-807E-D061EBB98D23}.Release|x86.ActiveCfg = Release|x86
	EndGlobalSection
	GlobalSection(SolutionProperties) = preSolution
		HideSolutionNode = FALSE
	EndGlobalSection
EndGlobal
